
Microsoft Visual Studio Solution File, Format Version 12.00
# Visual Studio Version 17
VisualStudioVersion = 17.3.32929.385
MinimumVisualStudioVersion = 10.0.40219.1
Project("{FAE04EC0-301F-11D3-BF4B-00C04F79EFBC}") = "studentCRUD.API", "studentCRUD.API\studentCRUD.API.csproj", "{07AA759A-2A09-4BC7-97D9-7EB4694B23A2}"
EndProject
Global
	GlobalSection(SolutionConfigurationPlatforms) = preSolution
		Debug|Any CPU = Debug|Any CPU
		Release|Any CPU = Release|Any CPU
	EndGlobalSection
	GlobalSection(ProjectConfigurationPlatforms) = postSolution
		{07AA759A-2A09-4BC7-97D9-7EB4694B23A2}.Debug|Any CPU.ActiveCfg = Debug|Any CPU
		{07AA759A-2A09-4BC7-97D9-7EB4694B23A2}.Debug|Any CPU.Build.0 = Debug|Any CPU
		{07AA759A-2A09-4BC7-97D9-7EB4694B23A2}.Release|Any CPU.ActiveCfg = Release|Any CPU
		{07AA759A-2A09-4BC7-97D9-7EB4694B23A2}.Release|Any CPU.Build.0 = Release|Any CPU
	EndGlobalSection
	GlobalSection(SolutionProperties) = preSolution
		HideSolutionNode = FALSE
	EndGlobalSection
	GlobalSection(ExtensibilityGlobals) = postSolution
		SolutionGuid = {E49D2E25-CE20-42E5-AD53-8A61B8D7B1CC}
	EndGlobalSection
EndGlobal
